
Microsoft Visual Studio Solution File, Format Version 12.00
# Visual Studio 15
VisualStudioVersion = 15.0.27004.2009
MinimumVisualStudioVersion = 10.0.40219.1
Project("{FAE04EC0-301F-11D3-BF4B-00C04F79EFBC}") = "MvcMusicStore", "MvcMusicStore\MvcMusicStore.csproj", "{6FEB471A-C571-4795-A00F-B754D25514AE}"
EndProject
Global
	GlobalSection(SolutionConfigurationPlatforms) = preSolution
		Debug|Any CPU = Debug|Any CPU
		Release|Any CPU = Release|Any CPU
	EndGlobalSection
	GlobalSection(ProjectConfigurationPlatforms) = postSolution
		{6FEB471A-C571-4795-A00F-B754D25514AE}.Debug|Any CPU.ActiveCfg = Debug|Any CPU
		{6FEB471A-C571-4795-A00F-B754D25514AE}.Debug|Any CPU.Build.0 = Debug|Any CPU
		{6FEB471A-C571-4795-A00F-B754D25514AE}.Release|Any CPU.ActiveCfg = Release|Any CPU
		{6FEB471A-C571-4795-A00F-B754D25514AE}.Release|Any CPU.Build.0 = Release|Any CPU
	EndGlobalSection
	GlobalSection(SolutionProperties) = preSolution
		HideSolutionNode = FALSE
	EndGlobalSection
	GlobalSection(ExtensibilityGlobals) = postSolution
		SolutionGuid = {1D91B25A-E7EC-49CD-B2D7-29C3B11BA2FC}
	EndGlobalSection
EndGlobal
